
Microsoft Visual Studio Solution File, Format Version 12.00
# Visual Studio 15
VisualStudioVersion = 15.0.28307.645
MinimumVisualStudioVersion = 10.0.40219.1
Project("{FAE04EC0-301F-11D3-BF4B-00C04F79EFBC}") = "Subscriber", "Subscriber\Subscriber.csproj", "{268F2676-36C3-4ADB-871A-D5420EE8F89E}"
EndProject
Global
	GlobalSection(SolutionConfigurationPlatforms) = preSolution
		Debug|Any CPU = Debug|Any CPU
		Release|Any CPU = Release|Any CPU
	EndGlobalSection
	GlobalSection(ProjectConfigurationPlatforms) = postSolution
		{268F2676-36C3-4ADB-871A-D5420EE8F89E}.Debug|Any CPU.ActiveCfg = Debug|Any CPU
		{268F2676-36C3-4ADB-871A-D5420EE8F89E}.Debug|Any CPU.Build.0 = Debug|Any CPU
		{268F2676-36C3-4ADB-871A-D5420EE8F89E}.Release|Any CPU.ActiveCfg = Release|Any CPU
		{268F2676-36C3-4ADB-871A-D5420EE8F89E}.Release|Any CPU.Build.0 = Release|Any CPU
	EndGlobalSection
	GlobalSection(SolutionProperties) = preSolution
		HideSolutionNode = FALSE
	EndGlobalSection
	GlobalSection(ExtensibilityGlobals) = postSolution
		SolutionGuid = {181EE096-E867-4B49-8FD9-9FBB49A734F2}
	EndGlobalSection
EndGlobal
