
Microsoft Visual Studio Solution File, Format Version 12.00
# Visual Studio 15
VisualStudioVersion = 15.0.28307.645
MinimumVisualStudioVersion = 10.0.40219.1
Project("{FAE04EC0-301F-11D3-BF4B-00C04F79EFBC}") = "DotNetCoreAPI", "DotNetCoreAPI\DotNetCoreAPI.csproj", "{A668A7F3-D53A-4B00-8168-23905773C543}"
EndProject
Global
	GlobalSection(SolutionConfigurationPlatforms) = preSolution
		Debug|Any CPU = Debug|Any CPU
		Release|Any CPU = Release|Any CPU
	EndGlobalSection
	GlobalSection(ProjectConfigurationPlatforms) = postSolution
		{A668A7F3-D53A-4B00-8168-23905773C543}.Debug|Any CPU.ActiveCfg = Debug|Any CPU
		{A668A7F3-D53A-4B00-8168-23905773C543}.Debug|Any CPU.Build.0 = Debug|Any CPU
		{A668A7F3-D53A-4B00-8168-23905773C543}.Release|Any CPU.ActiveCfg = Release|Any CPU
		{A668A7F3-D53A-4B00-8168-23905773C543}.Release|Any CPU.Build.0 = Release|Any CPU
	EndGlobalSection
	GlobalSection(SolutionProperties) = preSolution
		HideSolutionNode = FALSE
	EndGlobalSection
	GlobalSection(ExtensibilityGlobals) = postSolution
		SolutionGuid = {FBB3C799-0F08-4D4E-827F-FA02F71B3B2E}
	EndGlobalSection
EndGlobal
