
Microsoft Visual Studio Solution File, Format Version 12.00
# Visual Studio 15
VisualStudioVersion = 15.0.28307.645
MinimumVisualStudioVersion = 10.0.40219.1
Project("{FAE04EC0-301F-11D3-BF4B-00C04F79EFBC}") = "EventManagementApp", "EventManagementApp\EventManagementApp.csproj", "{DF5B6B55-5095-4445-9634-815BA7A1F8D4}"
EndProject
Global
	GlobalSection(SolutionConfigurationPlatforms) = preSolution
		Debug|Any CPU = Debug|Any CPU
		Release|Any CPU = Release|Any CPU
	EndGlobalSection
	GlobalSection(ProjectConfigurationPlatforms) = postSolution
		{DF5B6B55-5095-4445-9634-815BA7A1F8D4}.Debug|Any CPU.ActiveCfg = Debug|Any CPU
		{DF5B6B55-5095-4445-9634-815BA7A1F8D4}.Debug|Any CPU.Build.0 = Debug|Any CPU
		{DF5B6B55-5095-4445-9634-815BA7A1F8D4}.Release|Any CPU.ActiveCfg = Release|Any CPU
		{DF5B6B55-5095-4445-9634-815BA7A1F8D4}.Release|Any CPU.Build.0 = Release|Any CPU
	EndGlobalSection
	GlobalSection(SolutionProperties) = preSolution
		HideSolutionNode = FALSE
	EndGlobalSection
	GlobalSection(ExtensibilityGlobals) = postSolution
		SolutionGuid = {1F8D2751-8244-4C53-9E1F-7056D46C4A2E}
	EndGlobalSection
EndGlobal
